
Microsoft Visual Studio Solution File, Format Version 12.00
# Visual Studio Version 17
VisualStudioVersion = 17.14.36401.2
MinimumVisualStudioVersion = 10.0.40219.1
Project("{FAE04EC0-301F-11D3-BF4B-00C04F79EFBC}") = "EcfrAnalyst", "EcfrAnalyst.csproj", "{FDE136F1-66BE-4504-AF13-FA220C05FC57}"
EndProject
Global
	GlobalSection(SolutionConfigurationPlatforms) = preSolution
		Debug|Any CPU = Debug|Any CPU
		Release|Any CPU = Release|Any CPU
	EndGlobalSection
	GlobalSection(ProjectConfigurationPlatforms) = postSolution
		{FDE136F1-66BE-4504-AF13-FA220C05FC57}.Debug|Any CPU.ActiveCfg = Debug|Any CPU
		{FDE136F1-66BE-4504-AF13-FA220C05FC57}.Debug|Any CPU.Build.0 = Debug|Any CPU
		{FDE136F1-66BE-4504-AF13-FA220C05FC57}.Release|Any CPU.ActiveCfg = Release|Any CPU
		{FDE136F1-66BE-4504-AF13-FA220C05FC57}.Release|Any CPU.Build.0 = Release|Any CPU
	EndGlobalSection
	GlobalSection(SolutionProperties) = preSolution
		HideSolutionNode = FALSE
	EndGlobalSection
	GlobalSection(ExtensibilityGlobals) = postSolution
		SolutionGuid = {003FFE4A-0FD3-4DAE-B6A5-88111A8D3B1F}
	EndGlobalSection
EndGlobal
